{
  "name": "snipr",
  "version": "1.0.0",
  "lockfileVersion": 1,
  "requires": true,
  "dependencies": {
    "blessed": {
      "version": "git+https://github.com/blessed-ng/blessed.git#11f909b6f2ce369713302e3f4f8365121af36efa",
      "from": "git+https://github.com/blessed-ng/blessed.git"
    },
    "keypress": {
      "version": "0.2.1",
      "resolved": "https://registry.npmjs.org/keypress/-/keypress-0.2.1.tgz",
      "integrity": "sha1-HoBFQlABjbrUw/6USX1uZ7YmnHc="
    },
    "term-canvas": {
      "version": "0.0.5",
      "resolved": "https://registry.npmjs.org/term-canvas/-/term-canvas-0.0.5.tgz",
      "integrity": "sha1-WXr6wvpjaabxeGC86cX2bW6gypY="
    },
    "term-list": {
      "version": "0.2.1",
      "resolved": "https://registry.npmjs.org/term-list/-/term-list-0.2.1.tgz",
      "integrity": "sha1-qxaEhnafQORr26jyLfKCnOrz2eM=",
      "requires": {
        "keypress": "~0.2.1",
        "term-canvas": "0.0.5"
      }
    }
  }
}
